
Microsoft Visual Studio Solution File, Format Version 12.00
# Visual Studio 15
VisualStudioVersion = 15.0.27130.2003
MinimumVisualStudioVersion = 10.0.40219.1
Project("{FAE04EC0-301F-11D3-BF4B-00C04F79EFBC}") = "Control_Gimmnacio", "Control_Gimmnacio\Control_Gimmnacio.csproj", "{903E5F4F-4AFA-44CA-A380-D8F0B4C29766}"
EndProject
Global
	GlobalSection(SolutionConfigurationPlatforms) = preSolution
		Debug|Any CPU = Debug|Any CPU
		Release|Any CPU = Release|Any CPU
	EndGlobalSection
	GlobalSection(ProjectConfigurationPlatforms) = postSolution
		{903E5F4F-4AFA-44CA-A380-D8F0B4C29766}.Debug|Any CPU.ActiveCfg = Debug|Any CPU
		{903E5F4F-4AFA-44CA-A380-D8F0B4C29766}.Debug|Any CPU.Build.0 = Debug|Any CPU
		{903E5F4F-4AFA-44CA-A380-D8F0B4C29766}.Release|Any CPU.ActiveCfg = Release|Any CPU
		{903E5F4F-4AFA-44CA-A380-D8F0B4C29766}.Release|Any CPU.Build.0 = Release|Any CPU
	EndGlobalSection
	GlobalSection(SolutionProperties) = preSolution
		HideSolutionNode = FALSE
	EndGlobalSection
	GlobalSection(ExtensibilityGlobals) = postSolution
		SolutionGuid = {9C103CE9-F165-400E-A2CF-B46BABF6E79B}
	EndGlobalSection
EndGlobal
